PODS:
  - Flutter (1.0.0)
  - iso_countries (0.0.1):
    - Flutter

DEPENDENCIES:
  - Flutter (from `Flutter`)
  - iso_countries (from `.symlinks/plugins/iso_countries/ios`)

EXTERNAL SOURCES:
  Flutter:
    :path: Flutter
  iso_countries:
    :path: ".symlinks/plugins/iso_countries/ios"

SPEC CHECKSUMS:
  Flutter: f04841e97a9d0b0a8025694d0796dd46242b2854
  iso_countries: eb09d40f388e4c65e291e0bb36a701dfe7de6c74

PODFILE CHECKSUM: ef19549a9bc3046e7bb7d2fab4d021637c0c58a3

COCOAPODS: 1.10.0
