PODS:
  - Flutter (1.0.0)
  - iso_countries (0.0.1):
    - Flutter

DEPENDENCIES:
  - Flutter (from `.symlinks/flutter/ios`)
  - iso_countries (from `.symlinks/plugins/iso_countries/ios`)

EXTERNAL SOURCES:
  Flutter:
    :path: ".symlinks/flutter/ios"
  iso_countries:
    :path: ".symlinks/plugins/iso_countries/ios"

SPEC CHECKSUMS:
  Flutter: 0e3d915762c693b495b44d77113d4970485de6ec
  iso_countries: eb09d40f388e4c65e291e0bb36a701dfe7de6c74

PODFILE CHECKSUM: b6a0a141693093b304368d08511b46cf3d1d0ac5

COCOAPODS: 1.8.4
