PODS:
  - Flutter (1.0.0)
  - iso_countries (0.0.1):
    - Flutter

DEPENDENCIES:
  - Flutter (from `Flutter`)
  - iso_countries (from `.symlinks/plugins/iso_countries/ios`)

EXTERNAL SOURCES:
  Flutter:
    :path: Flutter
  iso_countries:
    :path: ".symlinks/plugins/iso_countries/ios"

SPEC CHECKSUMS:
  Flutter: 434fef37c0980e73bb6479ef766c45957d4b510c
  iso_countries: eb09d40f388e4c65e291e0bb36a701dfe7de6c74

PODFILE CHECKSUM: aafe91acc616949ddb318b77800a7f51bffa2a4c

COCOAPODS: 1.10.0
